Microsoft Visual Studio Solution File, Format Version 12.00
# Visual Studio Version 17
VisualStudioVersion = 17.5.2.0
MinimumVisualStudioVersion = 10.0.40219.1
Project("{FAE04EC0-301F-11D3-BF4B-00C04F79EFBC}") = "AzureFunc", "AzureFunc.csproj", "{DE8B4977-EC68-8729-2768-65061B9DA928}"
EndProject
Global
	GlobalSection(SolutionConfigurationPlatforms) = preSolution
		Debug|Any CPU = Debug|Any CPU
		Release|Any CPU = Release|Any CPU
	EndGlobalSection
	GlobalSection(ProjectConfigurationPlatforms) = postSolution
		{DE8B4977-EC68-8729-2768-65061B9DA928}.Debug|Any CPU.ActiveCfg = Debug|Any CPU
		{DE8B4977-EC68-8729-2768-65061B9DA928}.Debug|Any CPU.Build.0 = Debug|Any CPU
		{DE8B4977-EC68-8729-2768-65061B9DA928}.Release|Any CPU.ActiveCfg = Release|Any CPU
		{DE8B4977-EC68-8729-2768-65061B9DA928}.Release|Any CPU.Build.0 = Release|Any CPU
	EndGlobalSection
	GlobalSection(SolutionProperties) = preSolution
		HideSolutionNode = FALSE
	EndGlobalSection
	GlobalSection(ExtensibilityGlobals) = postSolution
		SolutionGuid = {655F5D3C-A52A-4789-A8D3-4A1BAF210367}
	EndGlobalSection
EndGlobal
